// !$*UTF8*$!
{
	archiveVersion = 1;
	classes = {
	};
	objectVersion = 46;
	objects = {

/* Begin PBXBuildFile section */
		1D09A9DC1A91DB2500AF91B3 /* TDD_NetworkDataHandler.m in Sources */ = {isa = PBXBuildFile; fileRef = 1DD1D34A1A8C8E1300C4A775 /* TDD_NetworkDataHandler.m */; };
		1D09A9DD1A91DB2800AF91B3 /* TDD_NetworkResponse.m in Sources */ = {isa = PBXBuildFile; fileRef = 1DD1D33A1A8C885B00C4A775 /* TDD_NetworkResponse.m */; };
		1D09A9DE1A91DB8E00AF91B3 /* NetworkJSONHandlerTestCase.swift in Sources */ = {isa = PBXBuildFile; fileRef = 1DDB5F841A91D6A3005C979F /* NetworkJSONHandlerTestCase.swift */; };
		1D09A9DF1A91DB9700AF91B3 /* TDD_NetworkJSONHandler.m in Sources */ = {isa = PBXBuildFile; fileRef = 1DDB5F821A91D654005C979F /* TDD_NetworkJSONHandler.m */; };
		1D3B4A1B1AB7C44400D61DA6 /* TDD_NetworkHandler.m in Sources */ = {isa = PBXBuildFile; fileRef = 1D3B4A1A1AB7C44400D61DA6 /* TDD_NetworkHandler.m */; };
		1D3B4A1C1AB7C44400D61DA6 /* TDD_NetworkHandler.m in Sources */ = {isa = PBXBuildFile; fileRef = 1D3B4A1A1AB7C44400D61DA6 /* TDD_NetworkHandler.m */; };
		1D7284F11AA05D9A00F9C61E /* TDD_NetworkImageHandler.m in Sources */ = {isa = PBXBuildFile; fileRef = 1D7284F01AA05D9A00F9C61E /* TDD_NetworkImageHandler.m */; };
		1D7284F21AA05D9A00F9C61E /* TDD_NetworkImageHandler.m in Sources */ = {isa = PBXBuildFile; fileRef = 1D7284F01AA05D9A00F9C61E /* TDD_NetworkImageHandler.m */; };
		1D7284F41AA05DE200F9C61E /* NetworkImageHandlerTestCase.swift in Sources */ = {isa = PBXBuildFile; fileRef = 1D7284F31AA05DE200F9C61E /* NetworkImageHandlerTestCase.swift */; };
		1D7284F71AA1931300F9C61E /* TDD_NetworkSession.m in Sources */ = {isa = PBXBuildFile; fileRef = 1D7284F61AA1931300F9C61E /* TDD_NetworkSession.m */; };
		1D7284F81AA1931300F9C61E /* TDD_NetworkSession.m in Sources */ = {isa = PBXBuildFile; fileRef = 1D7284F61AA1931300F9C61E /* TDD_NetworkSession.m */; };
		1D7284FA1AA1933D00F9C61E /* NetworkSessionTestCase.swift in Sources */ = {isa = PBXBuildFile; fileRef = 1D7284F91AA1933D00F9C61E /* NetworkSessionTestCase.swift */; };
		1D756F8F1A80A54F000B8F7C /* libAlbums.a in Frameworks */ = {isa = PBXBuildFile; fileRef = 1D756F831A80A54F000B8F7C /* libAlbums.a */; };
		1DBCC2081AA32623005F8DBC /* TDD_NetworkTask.m in Sources */ = {isa = PBXBuildFile; fileRef = 1DBCC2071AA32623005F8DBC /* TDD_NetworkTask.m */; };
		1DBCC2091AA32623005F8DBC /* TDD_NetworkTask.m in Sources */ = {isa = PBXBuildFile; fileRef = 1DBCC2071AA32623005F8DBC /* TDD_NetworkTask.m */; };
		1DBCC20B1AA3263E005F8DBC /* NetworkTaskTestCase.swift in Sources */ = {isa = PBXBuildFile; fileRef = 1DBCC20A1AA3263E005F8DBC /* NetworkTaskTestCase.swift */; };
		1DCA29741A8DD8C8008050A6 /* Shared.swift in Sources */ = {isa = PBXBuildFile; fileRef = 1DCA29731A8DD8C8008050A6 /* Shared.swift */; };
		1DD1D33B1A8C885B00C4A775 /* TDD_NetworkResponse.m in Sources */ = {isa = PBXBuildFile; fileRef = 1DD1D33A1A8C885B00C4A775 /* TDD_NetworkResponse.m */; };
		1DD1D3481A8C8E0100C4A775 /* NetworkDataHandlerTestCase.swift in Sources */ = {isa = PBXBuildFile; fileRef = 1DD1D3471A8C8E0100C4A775 /* NetworkDataHandlerTestCase.swift */; };
		1DD1D34B1A8C8E1300C4A775 /* TDD_NetworkDataHandler.m in Sources */ = {isa = PBXBuildFile; fileRef = 1DD1D34A1A8C8E1300C4A775 /* TDD_NetworkDataHandler.m */; };
		1DDB5F831A91D654005C979F /* TDD_NetworkJSONHandler.m in Sources */ = {isa = PBXBuildFile; fileRef = 1DDB5F821A91D654005C979F /* TDD_NetworkJSONHandler.m */; };
/* End PBXBuildFile section */

/* Begin PBXContainerItemProxy section */
		1D756F901A80A54F000B8F7C /* PBXContainerItemProxy */ = {
			isa = PBXContainerItemProxy;
			containerPortal = 1D756F7B1A80A54F000B8F7C /* Project object */;
			proxyType = 1;
			remoteGlobalIDString = 1D756F821A80A54F000B8F7C;
			remoteInfo = Albums;
		};
/* End PBXContainerItemProxy section */

/* Begin PBXCopyFilesBuildPhase section */
		1D756F811A80A54F000B8F7C /* CopyFiles */ = {
			isa = PBXCopyFilesBuildPhase;
			buildActionMask = 2147483647;
			dstPath = "include/$(PRODUCT_NAME)";
			dstSubfolderSpec = 16;
			files = (
			);
			runOnlyForDeploymentPostprocessing = 0;
		};
/* End PBXCopyFilesBuildPhase section */

/* Begin PBXFileReference section */
		1D3B4A191AB7C44400D61DA6 /* TDD_NetworkHandler.h */ = {isa = PBXFileReference; fileEncoding = 4; lastKnownFileType = sourcecode.c.h; path = TDD_NetworkHandler.h; sourceTree = "<group>"; };
		1D3B4A1A1AB7C44400D61DA6 /* TDD_NetworkHandler.m */ = {isa = PBXFileReference; fileEncoding = 4; lastKnownFileType = sourcecode.c.objc; path = TDD_NetworkHandler.m; sourceTree = "<group>"; };
		1D3B4A1D1AB7CBBC00D61DA6 /* TDD_Shared.h */ = {isa = PBXFileReference; fileEncoding = 4; lastKnownFileType = sourcecode.c.h; path = TDD_Shared.h; sourceTree = "<group>"; };
		1D7284EF1AA05D9A00F9C61E /* TDD_NetworkImageHandler.h */ = {isa = PBXFileReference; fileEncoding = 4; lastKnownFileType = sourcecode.c.h; path = TDD_NetworkImageHandler.h; sourceTree = "<group>"; };
		1D7284F01AA05D9A00F9C61E /* TDD_NetworkImageHandler.m */ = {isa = PBXFileReference; fileEncoding = 4; lastKnownFileType = sourcecode.c.objc; path = TDD_NetworkImageHandler.m; sourceTree = "<group>"; };
		1D7284F31AA05DE200F9C61E /* NetworkImageHandlerTestCase.swift */ = {isa = PBXFileReference; fileEncoding = 4; lastKnownFileType = sourcecode.swift; path = NetworkImageHandlerTestCase.swift; sourceTree = "<group>"; };
		1D7284F51AA1931300F9C61E /* TDD_NetworkSession.h */ = {isa = PBXFileReference; fileEncoding = 4; lastKnownFileType = sourcecode.c.h; path = TDD_NetworkSession.h; sourceTree = "<group>"; };
		1D7284F61AA1931300F9C61E /* TDD_NetworkSession.m */ = {isa = PBXFileReference; fileEncoding = 4; lastKnownFileType = sourcecode.c.objc; path = TDD_NetworkSession.m; sourceTree = "<group>"; };
		1D7284F91AA1933D00F9C61E /* NetworkSessionTestCase.swift */ = {isa = PBXFileReference; fileEncoding = 4; lastKnownFileType = sourcecode.swift; path = NetworkSessionTestCase.swift; sourceTree = "<group>"; };
		1D756F831A80A54F000B8F7C /* libAlbums.a */ = {isa = PBXFileReference; explicitFileType = archive.ar; includeInIndex = 0; path = libAlbums.a; sourceTree = BUILT_PRODUCTS_DIR; };
		1D756F8E1A80A54F000B8F7C /* AlbumsTests.xctest */ = {isa = PBXFileReference; explicitFileType = wrapper.cfbundle; includeInIndex = 0; path = AlbumsTests.xctest; sourceTree = BUILT_PRODUCTS_DIR; };
		1D756F941A80A54F000B8F7C /* Info.plist */ = {isa = PBXFileReference; lastKnownFileType = text.plist.xml; path = Info.plist; sourceTree = "<group>"; };
		1DBCC2061AA32623005F8DBC /* TDD_NetworkTask.h */ = {isa = PBXFileReference; fileEncoding = 4; lastKnownFileType = sourcecode.c.h; path = TDD_NetworkTask.h; sourceTree = "<group>"; };
		1DBCC2071AA32623005F8DBC /* TDD_NetworkTask.m */ = {isa = PBXFileReference; fileEncoding = 4; lastKnownFileType = sourcecode.c.objc; path = TDD_NetworkTask.m; sourceTree = "<group>"; };
		1DBCC20A1AA3263E005F8DBC /* NetworkTaskTestCase.swift */ = {isa = PBXFileReference; fileEncoding = 4; lastKnownFileType = sourcecode.swift; path = NetworkTaskTestCase.swift; sourceTree = "<group>"; };
		1DCA29731A8DD8C8008050A6 /* Shared.swift */ = {isa = PBXFileReference; fileEncoding = 4; lastKnownFileType = sourcecode.swift; path = Shared.swift; sourceTree = "<group>"; };
		1DD1D3391A8C885B00C4A775 /* TDD_NetworkResponse.h */ = {isa = PBXFileReference; fileEncoding = 4; lastKnownFileType = sourcecode.c.h; path = TDD_NetworkResponse.h; sourceTree = "<group>"; };
		1DD1D33A1A8C885B00C4A775 /* TDD_NetworkResponse.m */ = {isa = PBXFileReference; fileEncoding = 4; lastKnownFileType = sourcecode.c.objc; path = TDD_NetworkResponse.m; sourceTree = "<group>"; };
		1DD1D3431A8C8DDC00C4A775 /* AlbumsTests-Bridging-Header.h */ = {isa = PBXFileReference; lastKnownFileType = sourcecode.c.h; path = "AlbumsTests-Bridging-Header.h"; sourceTree = "<group>"; };
		1DD1D3471A8C8E0100C4A775 /* NetworkDataHandlerTestCase.swift */ = {isa = PBXFileReference; fileEncoding = 4; lastKnownFileType = sourcecode.swift; path = NetworkDataHandlerTestCase.swift; sourceTree = "<group>"; };
		1DD1D3491A8C8E1300C4A775 /* TDD_NetworkDataHandler.h */ = {isa = PBXFileReference; fileEncoding = 4; lastKnownFileType = sourcecode.c.h; path = TDD_NetworkDataHandler.h; sourceTree = "<group>"; };
		1DD1D34A1A8C8E1300C4A775 /* TDD_NetworkDataHandler.m */ = {isa = PBXFileReference; fileEncoding = 4; lastKnownFileType = sourcecode.c.objc; path = TDD_NetworkDataHandler.m; sourceTree = "<group>"; };
		1DDB5F811A91D654005C979F /* TDD_NetworkJSONHandler.h */ = {isa = PBXFileReference; fileEncoding = 4; lastKnownFileType = sourcecode.c.h; path = TDD_NetworkJSONHandler.h; sourceTree = "<group>"; };
		1DDB5F821A91D654005C979F /* TDD_NetworkJSONHandler.m */ = {isa = PBXFileReference; fileEncoding = 4; lastKnownFileType = sourcecode.c.objc; path = TDD_NetworkJSONHandler.m; sourceTree = "<group>"; };
		1DDB5F841A91D6A3005C979F /* NetworkJSONHandlerTestCase.swift */ = {isa = PBXFileReference; fileEncoding = 4; lastKnownFileType = sourcecode.swift; path = NetworkJSONHandlerTestCase.swift; sourceTree = "<group>"; };
/* End PBXFileReference section */

/* Begin PBXFrameworksBuildPhase section */
		1D756F801A80A54F000B8F7C /* Frameworks */ = {
			isa = PBXFrameworksBuildPhase;
			buildActionMask = 2147483647;
			files = (
			);
			runOnlyForDeploymentPostprocessing = 0;
		};
		1D756F8B1A80A54F000B8F7C /* Frameworks */ = {
			isa = PBXFrameworksBuildPhase;
			buildActionMask = 2147483647;
			files = (
				1D756F8F1A80A54F000B8F7C /* libAlbums.a in Frameworks */,
			);
			runOnlyForDeploymentPostprocessing = 0;
		};
/* End PBXFrameworksBuildPhase section */

/* Begin PBXGroup section */
		1D398CA71AA2E65B009615F3 /* Shared */ = {
			isa = PBXGroup;
			children = (
				1D3B4A1D1AB7CBBC00D61DA6 /* TDD_Shared.h */,
			);
			path = Shared;
			sourceTree = "<group>";
		};
		1D756F7A1A80A54F000B8F7C = {
			isa = PBXGroup;
			children = (
				1D756F851A80A54F000B8F7C /* Albums */,
				1D756F921A80A54F000B8F7C /* AlbumsTests */,
				1D756F841A80A54F000B8F7C /* Products */,
			);
			sourceTree = "<group>";
		};
		1D756F841A80A54F000B8F7C /* Products */ = {
			isa = PBXGroup;
			children = (
				1D756F831A80A54F000B8F7C /* libAlbums.a */,
				1D756F8E1A80A54F000B8F7C /* AlbumsTests.xctest */,
			);
			name = Products;
			sourceTree = "<group>";
		};
		1D756F851A80A54F000B8F7C /* Albums */ = {
			isa = PBXGroup;
			children = (
				1DD1D3381A8C884D00C4A775 /* Network */,
				1D398CA71AA2E65B009615F3 /* Shared */,
			);
			path = Albums;
			sourceTree = "<group>";
		};
		1D756F921A80A54F000B8F7C /* AlbumsTests */ = {
			isa = PBXGroup;
			children = (
				1DD1D3461A8C8DF400C4A775 /* Network */,
				1DCA29721A8DD8BC008050A6 /* Shared */,
				1D756F931A80A54F000B8F7C /* Supporting Files */,
			);
			path = AlbumsTests;
			sourceTree = "<group>";
		};
		1D756F931A80A54F000B8F7C /* Supporting Files */ = {
			isa = PBXGroup;
			children = (
				1DD1D3431A8C8DDC00C4A775 /* AlbumsTests-Bridging-Header.h */,
				1D756F941A80A54F000B8F7C /* Info.plist */,
			);
			name = "Supporting Files";
			sourceTree = "<group>";
		};
		1DCA29721A8DD8BC008050A6 /* Shared */ = {
			isa = PBXGroup;
			children = (
				1DCA29731A8DD8C8008050A6 /* Shared.swift */,
			);
			path = Shared;
			sourceTree = "<group>";
		};
		1DD1D3381A8C884D00C4A775 /* Network */ = {
			isa = PBXGroup;
			children = (
				1DD1D3491A8C8E1300C4A775 /* TDD_NetworkDataHandler.h */,
				1DD1D34A1A8C8E1300C4A775 /* TDD_NetworkDataHandler.m */,
				1D3B4A191AB7C44400D61DA6 /* TDD_NetworkHandler.h */,
				1D3B4A1A1AB7C44400D61DA6 /* TDD_NetworkHandler.m */,
				1D7284EF1AA05D9A00F9C61E /* TDD_NetworkImageHandler.h */,
				1D7284F01AA05D9A00F9C61E /* TDD_NetworkImageHandler.m */,
				1DDB5F811A91D654005C979F /* TDD_NetworkJSONHandler.h */,
				1DDB5F821A91D654005C979F /* TDD_NetworkJSONHandler.m */,
				1DD1D3391A8C885B00C4A775 /* TDD_NetworkResponse.h */,
				1DD1D33A1A8C885B00C4A775 /* TDD_NetworkResponse.m */,
				1D7284F51AA1931300F9C61E /* TDD_NetworkSession.h */,
				1D7284F61AA1931300F9C61E /* TDD_NetworkSession.m */,
				1DBCC2061AA32623005F8DBC /* TDD_NetworkTask.h */,
				1DBCC2071AA32623005F8DBC /* TDD_NetworkTask.m */,
			);
			path = Network;
			sourceTree = "<group>";
		};
		1DD1D3461A8C8DF400C4A775 /* Network */ = {
			isa = PBXGroup;
			children = (
				1DD1D3471A8C8E0100C4A775 /* NetworkDataHandlerTestCase.swift */,
				1D7284F31AA05DE200F9C61E /* NetworkImageHandlerTestCase.swift */,
				1DDB5F841A91D6A3005C979F /* NetworkJSONHandlerTestCase.swift */,
				1D7284F91AA1933D00F9C61E /* NetworkSessionTestCase.swift */,
				1DBCC20A1AA3263E005F8DBC /* NetworkTaskTestCase.swift */,
			);
			path = Network;
			sourceTree = "<group>";
		};
/* End PBXGroup section */

/* Begin PBXNativeTarget section */
		1D756F821A80A54F000B8F7C /* Albums */ = {
			isa = PBXNativeTarget;
			buildConfigurationList = 1D756F971A80A54F000B8F7C /* Build configuration list for PBXNativeTarget "Albums" */;
			buildPhases = (
				1D756F7F1A80A54F000B8F7C /* Sources */,
				1D756F801A80A54F000B8F7C /* Frameworks */,
				1D756F811A80A54F000B8F7C /* CopyFiles */,
			);
			buildRules = (
			);
			dependencies = (
			);
			name = Albums;
			productName = Albums;
			productReference = 1D756F831A80A54F000B8F7C /* libAlbums.a */;
			productType = "com.apple.product-type.library.static";
		};
		1D756F8D1A80A54F000B8F7C /* AlbumsTests */ = {
			isa = PBXNativeTarget;
			buildConfigurationList = 1D756F9A1A80A54F000B8F7C /* Build configuration list for PBXNativeTarget "AlbumsTests" */;
			buildPhases = (
				1D756F8A1A80A54F000B8F7C /* Sources */,
				1D756F8B1A80A54F000B8F7C /* Frameworks */,
				1D756F8C1A80A54F000B8F7C /* Resources */,
			);
			buildRules = (
			);
			dependencies = (
				1D756F911A80A54F000B8F7C /* PBXTargetDependency */,
			);
			name = AlbumsTests;
			productName = AlbumsTests;
			productReference = 1D756F8E1A80A54F000B8F7C /* AlbumsTests.xctest */;
			productType = "com.apple.product-type.bundle.unit-test";
		};
/* End PBXNativeTarget section */

/* Begin PBXProject section */
		1D756F7B1A80A54F000B8F7C /* Project object */ = {
			isa = PBXProject;
			attributes = {
				LastUpgradeCheck = 0620;
				ORGANIZATIONNAME = "eBay Software Foundation";
				TargetAttributes = {
					1D756F821A80A54F000B8F7C = {
						CreatedOnToolsVersion = 6.2;
					};
					1D756F8D1A80A54F000B8F7C = {
						CreatedOnToolsVersion = 6.2;
					};
				};
			};
			buildConfigurationList = 1D756F7E1A80A54F000B8F7C /* Build configuration list for PBXProject "Albums" */;
			compatibilityVersion = "Xcode 3.2";
			developmentRegion = English;
			hasScannedForEncodings = 0;
			knownRegions = (
				en,
			);
			mainGroup = 1D756F7A1A80A54F000B8F7C;
			productRefGroup = 1D756F841A80A54F000B8F7C /* Products */;
			projectDirPath = "";
			projectRoot = "";
			targets = (
				1D756F821A80A54F000B8F7C /* Albums */,
				1D756F8D1A80A54F000B8F7C /* AlbumsTests */,
			);
		};
/* End PBXProject section */

/* Begin PBXResourcesBuildPhase section */
		1D756F8C1A80A54F000B8F7C /* Resources */ = {
			isa = PBXResourcesBuildPhase;
			buildActionMask = 2147483647;
			files = (
			);
			runOnlyForDeploymentPostprocessing = 0;
		};
/* End PBXResourcesBuildPhase section */

/* Begin PBXSourcesBuildPhase section */
		1D756F7F1A80A54F000B8F7C /* Sources */ = {
			isa = PBXSourcesBuildPhase;
			buildActionMask = 2147483647;
			files = (
				1DBCC2081AA32623005F8DBC /* TDD_NetworkTask.m in Sources */,
				1D7284F71AA1931300F9C61E /* TDD_NetworkSession.m in Sources */,
				1DDB5F831A91D654005C979F /* TDD_NetworkJSONHandler.m in Sources */,
				1DD1D34B1A8C8E1300C4A775 /* TDD_NetworkDataHandler.m in Sources */,
				1D7284F11AA05D9A00F9C61E /* TDD_NetworkImageHandler.m in Sources */,
				1D3B4A1B1AB7C44400D61DA6 /* TDD_NetworkHandler.m in Sources */,
				1DD1D33B1A8C885B00C4A775 /* TDD_NetworkResponse.m in Sources */,
			);
			runOnlyForDeploymentPostprocessing = 0;
		};
		1D756F8A1A80A54F000B8F7C /* Sources */ = {
			isa = PBXSourcesBuildPhase;
			buildActionMask = 2147483647;
			files = (
				1DBCC2091AA32623005F8DBC /* TDD_NetworkTask.m in Sources */,
				1DBCC20B1AA3263E005F8DBC /* NetworkTaskTestCase.swift in Sources */,
				1D7284F81AA1931300F9C61E /* TDD_NetworkSession.m in Sources */,
				1D09A9DF1A91DB9700AF91B3 /* TDD_NetworkJSONHandler.m in Sources */,
				1D7284F41AA05DE200F9C61E /* NetworkImageHandlerTestCase.swift in Sources */,
				1D7284F21AA05D9A00F9C61E /* TDD_NetworkImageHandler.m in Sources */,
				1D09A9DD1A91DB2800AF91B3 /* TDD_NetworkResponse.m in Sources */,
				1DCA29741A8DD8C8008050A6 /* Shared.swift in Sources */,
				1D09A9DC1A91DB2500AF91B3 /* TDD_NetworkDataHandler.m in Sources */,
				1D7284FA1AA1933D00F9C61E /* NetworkSessionTestCase.swift in Sources */,
				1D09A9DE1A91DB8E00AF91B3 /* NetworkJSONHandlerTestCase.swift in Sources */,
				1D3B4A1C1AB7C44400D61DA6 /* TDD_NetworkHandler.m in Sources */,
				1DD1D3481A8C8E0100C4A775 /* NetworkDataHandlerTestCase.swift in Sources */,
			);
			runOnlyForDeploymentPostprocessing = 0;
		};
/* End PBXSourcesBuildPhase section */

/* Begin PBXTargetDependency section */
		1D756F911A80A54F000B8F7C /* PBXTargetDependency */ = {
			isa = PBXTargetDependency;
			target = 1D756F821A80A54F000B8F7C /* Albums */;
			targetProxy = 1D756F901A80A54F000B8F7C /* PBXContainerItemProxy */;
		};
/* End PBXTargetDependency section */

/* Begin XCBuildConfiguration section */
		1D756F951A80A54F000B8F7C /* Debug */ = {
			isa = XCBuildConfiguration;
			buildSettings = {
				ALWAYS_SEARCH_USER_PATHS = NO;
				CLANG_CXX_LANGUAGE_STANDARD = "gnu++0x";
				CLANG_CXX_LIBRARY = "libc++";
				CLANG_ENABLE_MODULES = YES;
				CLANG_ENABLE_OBJC_ARC = YES;
				CLANG_WARN_BOOL_CONVERSION = YES;
				CLANG_WARN_CONSTANT_CONVERSION = YES;
				CLANG_WARN_DIRECT_OBJC_ISA_USAGE = YES_ERROR;
				CLANG_WARN_EMPTY_BODY = YES;
				CLANG_WARN_ENUM_CONVERSION = YES;
				CLANG_WARN_INT_CONVERSION = YES;
				CLANG_WARN_OBJC_ROOT_CLASS = YES_ERROR;
				CLANG_WARN_UNREACHABLE_CODE = YES;
				CLANG_WARN__DUPLICATE_METHOD_MATCH = YES;
				COPY_PHASE_STRIP = NO;
				ENABLE_STRICT_OBJC_MSGSEND = YES;
				GCC_C_LANGUAGE_STANDARD = gnu99;
				GCC_DYNAMIC_NO_PIC = NO;
				GCC_OPTIMIZATION_LEVEL = 0;
				GCC_PREPROCESSOR_DEFINITIONS = (
					"DEBUG=1",
					"$(inherited)",
				);
				GCC_SYMBOLS_PRIVATE_EXTERN = NO;
				GCC_WARN_64_TO_32_BIT_CONVERSION = YES;
				GCC_WARN_ABOUT_RETURN_TYPE = YES_ERROR;
				GCC_WARN_UNDECLARED_SELECTOR = YES;
				GCC_WARN_UNINITIALIZED_AUTOS = YES_AGGRESSIVE;
				GCC_WARN_UNUSED_FUNCTION = YES;
				GCC_WARN_UNUSED_VARIABLE = YES;
				IPHONEOS_DEPLOYMENT_TARGET = 7.0;
				MTL_ENABLE_DEBUG_INFO = YES;
				ONLY_ACTIVE_ARCH = YES;
				SDKROOT = iphoneos;
			};
			name = Debug;
		};
		1D756F961A80A54F000B8F7C /* Release */ = {
			isa = XCBuildConfiguration;
			buildSettings = {
				ALWAYS_SEARCH_USER_PATHS = NO;
				CLANG_CXX_LANGUAGE_STANDARD = "gnu++0x";
				CLANG_CXX_LIBRARY = "libc++";
				CLANG_ENABLE_MODULES = YES;
				CLANG_ENABLE_OBJC_ARC = YES;
				CLANG_WARN_BOOL_CONVERSION = YES;
				CLANG_WARN_CONSTANT_CONVERSION = YES;
				CLANG_WARN_DIRECT_OBJC_ISA_USAGE = YES_ERROR;
				CLANG_WARN_EMPTY_BODY = YES;
				CLANG_WARN_ENUM_CONVERSION = YES;
				CLANG_WARN_INT_CONVERSION = YES;
				CLANG_WARN_OBJC_ROOT_CLASS = YES_ERROR;
				CLANG_WARN_UNREACHABLE_CODE = YES;
				CLANG_WARN__DUPLICATE_METHOD_MATCH = YES;
				COPY_PHASE_STRIP = NO;
				ENABLE_NS_ASSERTIONS = NO;
				ENABLE_STRICT_OBJC_MSGSEND = YES;
				GCC_C_LANGUAGE_STANDARD = gnu99;
				GCC_WARN_64_TO_32_BIT_CONVERSION = YES;
				GCC_WARN_ABOUT_RETURN_TYPE = YES_ERROR;
				GCC_WARN_UNDECLARED_SELECTOR = YES;
				GCC_WARN_UNINITIALIZED_AUTOS = YES_AGGRESSIVE;
				GCC_WARN_UNUSED_FUNCTION = YES;
				GCC_WARN_UNUSED_VARIABLE = YES;
				IPHONEOS_DEPLOYMENT_TARGET = 7.0;
				MTL_ENABLE_DEBUG_INFO = NO;
				SDKROOT = iphoneos;
				VALIDATE_PRODUCT = YES;
			};
			name = Release;
		};
		1D756F981A80A54F000B8F7C /* Debug */ = {
			isa = XCBuildConfiguration;
			buildSettings = {
				OTHER_LDFLAGS = "-ObjC";
				PRODUCT_NAME = "$(TARGET_NAME)";
				SKIP_INSTALL = YES;
			};
			name = Debug;
		};
		1D756F991A80A54F000B8F7C /* Release */ = {
			isa = XCBuildConfiguration;
			buildSettings = {
				OTHER_LDFLAGS = "-ObjC";
				PRODUCT_NAME = "$(TARGET_NAME)";
				SKIP_INSTALL = YES;
			};
			name = Release;
		};
		1D756F9B1A80A54F000B8F7C /* Debug */ = {
			isa = XCBuildConfiguration;
			buildSettings = {
				CLANG_ENABLE_MODULES = YES;
				FRAMEWORK_SEARCH_PATHS = (
					"$(SDKROOT)/Developer/Library/Frameworks",
					"$(inherited)",
				);
				GCC_PREPROCESSOR_DEFINITIONS = (
					"DEBUG=1",
					"$(inherited)",
				);
				INFOPLIST_FILE = AlbumsTests/Info.plist;
				LD_RUNPATH_SEARCH_PATHS = "$(inherited) @executable_path/Frameworks @loader_path/Frameworks";
				PRODUCT_NAME = "$(TARGET_NAME)";
				SWIFT_OBJC_BRIDGING_HEADER = "AlbumsTests/AlbumsTests-Bridging-Header.h";
				SWIFT_OPTIMIZATION_LEVEL = "-Onone";
			};
			name = Debug;
		};
		1D756F9C1A80A54F000B8F7C /* Release */ = {
			isa = XCBuildConfiguration;
			buildSettings = {
				CLANG_ENABLE_MODULES = YES;
				FRAMEWORK_SEARCH_PATHS = (
					"$(SDKROOT)/Developer/Library/Frameworks",
					"$(inherited)",
				);
				INFOPLIST_FILE = AlbumsTests/Info.plist;
				LD_RUNPATH_SEARCH_PATHS = "$(inherited) @executable_path/Frameworks @loader_path/Frameworks";
				PRODUCT_NAME = "$(TARGET_NAME)";
				SWIFT_OBJC_BRIDGING_HEADER = "AlbumsTests/AlbumsTests-Bridging-Header.h";
			};
			name = Release;
		};
/* End XCBuildConfiguration section */

/* Begin XCConfigurationList section */
		1D756F7E1A80A54F000B8F7C /* Build configuration list for PBXProject "Albums" */ = {
			isa = XCConfigurationList;
			buildConfigurations = (
				1D756F951A80A54F000B8F7C /* Debug */,
				1D756F961A80A54F000B8F7C /* Release */,
			);
			defaultConfigurationIsVisible = 0;
			defaultConfigurationName = Release;
		};
		1D756F971A80A54F000B8F7C /* Build configuration list for PBXNativeTarget "Albums" */ = {
			isa = XCConfigurationList;
			buildConfigurations = (
				1D756F981A80A54F000B8F7C /* Debug */,
				1D756F991A80A54F000B8F7C /* Release */,
			);
			defaultConfigurationIsVisible = 0;
			defaultConfigurationName = Release;
		};
		1D756F9A1A80A54F000B8F7C /* Build configuration list for PBXNativeTarget "AlbumsTests" */ = {
			isa = XCConfigurationList;
			buildConfigurations = (
				1D756F9B1A80A54F000B8F7C /* Debug */,
				1D756F9C1A80A54F000B8F7C /* Release */,
			);
			defaultConfigurationIsVisible = 0;
			defaultConfigurationName = Release;
		};
/* End XCConfigurationList section */
	};
	rootObject = 1D756F7B1A80A54F000B8F7C /* Project object */;
}
